
Microsoft Visual Studio Solution File, Format Version 12.00
# Visual Studio Version 17
VisualStudioVersion = 17.5.002.0
MinimumVisualStudioVersion = 10.0.40219.1
Project("{2150E333-8FDC-42A3-9474-1A3956D46DE8}") = "csharp-prep", "csharp-prep", "{B0F38CC4-65FB-4E9D-8C0D-A1CD82F18DD1}"
EndProject
Project("{9A19103F-16F7-4668-BE54-9A1E7A4F7556}") = "Prep1", "csharp-prep\Prep1\Prep1.csproj", "{89F9EA6A-5960-43A4-B04E-DFA368A11473}"
EndProject
Project("{9A19103F-16F7-4668-BE54-9A1E7A4F7556}") = "Prep2", "csharp-prep\Prep2\Prep2.csproj", "{9BB634A8-2D29-4009-BE28-6851D760E578}"
EndProject
Project("{9A19103F-16F7-4668-BE54-9A1E7A4F7556}") = "Prep3", "csharp-prep\Prep3\Prep3.csproj", "{3E379765-BF9C-4E43-AA26-03E58424D611}"
EndProject
Project("{9A19103F-16F7-4668-BE54-9A1E7A4F7556}") = "Prep4", "csharp-prep\Prep4\Prep4.csproj", "{98AC0BDC-754E-4C04-84F9-92FD2B54FB93}"
EndProject
Project("{9A19103F-16F7-4668-BE54-9A1E7A4F7556}") = "Prep5", "csharp-prep\Prep5\Prep5.csproj", "{714A632A-A18F-4AA1-BECC-E81D7661C3B2}"
EndProject
Project("{2150E333-8FDC-42A3-9474-1A3956D46DE8}") = "final", "final", "{9492A8E5-FA84-4AE5-AA13-C56648FB49B1}"
EndProject
Project("{9A19103F-16F7-4668-BE54-9A1E7A4F7556}") = "FinalProject", "final\FinalProject\FinalProject.csproj", "{AE74D85D-14FB-4EAA-9168-5C714F2E2316}"
EndProject
Project("{9A19103F-16F7-4668-BE54-9A1E7A4F7556}") = "Foundation1", "final\Foundation1\Foundation1.csproj", "{B0E3BFA7-0DB7-4BD6-AABE-198316FB7417}"
EndProject
Project("{9A19103F-16F7-4668-BE54-9A1E7A4F7556}") = "Foundation2", "final\Foundation2\Foundation2.csproj", "{48641CE7-9C25-42E1-9388-333C6C0B5047}"
EndProject
Project("{9A19103F-16F7-4668-BE54-9A1E7A4F7556}") = "Foundation3", "final\Foundation3\Foundation3.csproj", "{CE6B073E-4DE1-4B26-AA00-607E3057E5E0}"
EndProject
Project("{9A19103F-16F7-4668-BE54-9A1E7A4F7556}") = "Foundation4", "final\Foundation4\Foundation4.csproj", "{DB1E6525-7B4F-4AE9-AF27-47F02DE7CD91}"
EndProject
Project("{2150E333-8FDC-42A3-9474-1A3956D46DE8}") = "prepare", "prepare", "{A88BDE1C-3873-4B4D-9A41-8A77CD9D3727}"
EndProject
Project("{9A19103F-16F7-4668-BE54-9A1E7A4F7556}") = "Learning02", "prepare\Learning02\Learning02.csproj", "{4AB83ED1-E65F-4453-BC3C-21B570BC296D}"
EndProject
Project("{9A19103F-16F7-4668-BE54-9A1E7A4F7556}") = "Learning03", "prepare\Learning03\Learning03.csproj", "{8336CA4B-5BFB-400D-A0B4-ABF62D272EFB}"
EndProject
Project("{9A19103F-16F7-4668-BE54-9A1E7A4F7556}") = "Learning04", "prepare\Learning04\Learning04.csproj", "{4067A1EA-31A9-4DC8-95BB-5AFD95D8C365}"
EndProject
Project("{9A19103F-16F7-4668-BE54-9A1E7A4F7556}") = "Learning05", "prepare\Learning05\Learning05.csproj", "{C66DAD05-3CAF-4D06-93DD-F0C680C8F1D5}"
EndProject
Project("{2150E333-8FDC-42A3-9474-1A3956D46DE8}") = "prove", "prove", "{2E74DF73-5DB6-4463-91B1-527E083225BC}"
EndProject
Project("{9A19103F-16F7-4668-BE54-9A1E7A4F7556}") = "Develop02", "prove\Develop02\Develop02.csproj", "{742C40E2-EE48-4344-B959-5D174060BE93}"
EndProject
Project("{9A19103F-16F7-4668-BE54-9A1E7A4F7556}") = "Develop03", "prove\Develop03\Develop03.csproj", "{35B78573-09F0-4CAD-854A-8391955B12A1}"
EndProject
Project("{9A19103F-16F7-4668-BE54-9A1E7A4F7556}") = "Develop04", "prove\Develop04\Develop04.csproj", "{1E442FDA-B364-4E07-A4C6-235BDE9460AD}"
EndProject
Project("{9A19103F-16F7-4668-BE54-9A1E7A4F7556}") = "Develop05", "prove\Develop05\Develop05.csproj", "{5C06575D-D5E4-4698-8C49-BEF06C96F5D6}"
EndProject
Project("{2150E333-8FDC-42A3-9474-1A3956D46DE8}") = "sandbox", "sandbox", "{A42B1842-D9F3-4285-BAD2-645F8880EA1F}"
EndProject
Project("{9A19103F-16F7-4668-BE54-9A1E7A4F7556}") = "Sandbox", "sandbox\Sandbox\Sandbox.csproj", "{E4325107-333D-4273-8EF3-C6A27264E60D}"
EndProject
Global
	GlobalSection(SolutionConfigurationPlatforms) = preSolution
		Debug|Any CPU = Debug|Any CPU
		Release|Any CPU = Release|Any CPU
	EndGlobalSection
	GlobalSection(ProjectConfigurationPlatforms) = postSolution
		{89F9EA6A-5960-43A4-B04E-DFA368A11473}.Debug|Any CPU.ActiveCfg = Debug|Any CPU
		{89F9EA6A-5960-43A4-B04E-DFA368A11473}.Debug|Any CPU.Build.0 = Debug|Any CPU
		{89F9EA6A-5960-43A4-B04E-DFA368A11473}.Release|Any CPU.ActiveCfg = Release|Any CPU
		{89F9EA6A-5960-43A4-B04E-DFA368A11473}.Release|Any CPU.Build.0 = Release|Any CPU
		{9BB634A8-2D29-4009-BE28-6851D760E578}.Debug|Any CPU.ActiveCfg = Debug|Any CPU
		{9BB634A8-2D29-4009-BE28-6851D760E578}.Debug|Any CPU.Build.0 = Debug|Any CPU
		{9BB634A8-2D29-4009-BE28-6851D760E578}.Release|Any CPU.ActiveCfg = Release|Any CPU
		{9BB634A8-2D29-4009-BE28-6851D760E578}.Release|Any CPU.Build.0 = Release|Any CPU
		{3E379765-BF9C-4E43-AA26-03E58424D611}.Debug|Any CPU.ActiveCfg = Debug|Any CPU
		{3E379765-BF9C-4E43-AA26-03E58424D611}.Debug|Any CPU.Build.0 = Debug|Any CPU
		{3E379765-BF9C-4E43-AA26-03E58424D611}.Release|Any CPU.ActiveCfg = Release|Any CPU
		{3E379765-BF9C-4E43-AA26-03E58424D611}.Release|Any CPU.Build.0 = Release|Any CPU
		{98AC0BDC-754E-4C04-84F9-92FD2B54FB93}.Debug|Any CPU.ActiveCfg = Debug|Any CPU
		{98AC0BDC-754E-4C04-84F9-92FD2B54FB93}.Debug|Any CPU.Build.0 = Debug|Any CPU
		{98AC0BDC-754E-4C04-84F9-92FD2B54FB93}.Release|Any CPU.ActiveCfg = Release|Any CPU
		{98AC0BDC-754E-4C04-84F9-92FD2B54FB93}.Release|Any CPU.Build.0 = Release|Any CPU
		{714A632A-A18F-4AA1-BECC-E81D7661C3B2}.Debug|Any CPU.ActiveCfg = Debug|Any CPU
		{714A632A-A18F-4AA1-BECC-E81D7661C3B2}.Debug|Any CPU.Build.0 = Debug|Any CPU
		{714A632A-A18F-4AA1-BECC-E81D7661C3B2}.Release|Any CPU.ActiveCfg = Release|Any CPU
		{714A632A-A18F-4AA1-BECC-E81D7661C3B2}.Release|Any CPU.Build.0 = Release|Any CPU
		{AE74D85D-14FB-4EAA-9168-5C714F2E2316}.Debug|Any CPU.ActiveCfg = Debug|Any CPU
		{AE74D85D-14FB-4EAA-9168-5C714F2E2316}.Debug|Any CPU.Build.0 = Debug|Any CPU
		{AE74D85D-14FB-4EAA-9168-5C714F2E2316}.Release|Any CPU.ActiveCfg = Release|Any CPU
		{AE74D85D-14FB-4EAA-9168-5C714F2E2316}.Release|Any CPU.Build.0 = Release|Any CPU
		{B0E3BFA7-0DB7-4BD6-AABE-198316FB7417}.Debug|Any CPU.ActiveCfg = Debug|Any CPU
		{B0E3BFA7-0DB7-4BD6-AABE-198316FB7417}.Debug|Any CPU.Build.0 = Debug|Any CPU
		{B0E3BFA7-0DB7-4BD6-AABE-198316FB7417}.Release|Any CPU.ActiveCfg = Release|Any CPU
		{B0E3BFA7-0DB7-4BD6-AABE-198316FB7417}.Release|Any CPU.Build.0 = Release|Any CPU
		{48641CE7-9C25-42E1-9388-333C6C0B5047}.Debug|Any CPU.ActiveCfg = Debug|Any CPU
		{48641CE7-9C25-42E1-9388-333C6C0B5047}.Debug|Any CPU.Build.0 = Debug|Any CPU
		{48641CE7-9C25-42E1-9388-333C6C0B5047}.Release|Any CPU.ActiveCfg = Release|Any CPU
		{48641CE7-9C25-42E1-9388-333C6C0B5047}.Release|Any CPU.Build.0 = Release|Any CPU
		{CE6B073E-4DE1-4B26-AA00-607E3057E5E0}.Debug|Any CPU.ActiveCfg = Debug|Any CPU
		{CE6B073E-4DE1-4B26-AA00-607E3057E5E0}.Debug|Any CPU.Build.0 = Debug|Any CPU
		{CE6B073E-4DE1-4B26-AA00-607E3057E5E0}.Release|Any CPU.ActiveCfg = Release|Any CPU
		{CE6B073E-4DE1-4B26-AA00-607E3057E5E0}.Release|Any CPU.Build.0 = Release|Any CPU
		{DB1E6525-7B4F-4AE9-AF27-47F02DE7CD91}.Debug|Any CPU.ActiveCfg = Debug|Any CPU
		{DB1E6525-7B4F-4AE9-AF27-47F02DE7CD91}.Debug|Any CPU.Build.0 = Debug|Any CPU
		{DB1E6525-7B4F-4AE9-AF27-47F02DE7CD91}.Release|Any CPU.ActiveCfg = Release|Any CPU
		{DB1E6525-7B4F-4AE9-AF27-47F02DE7CD91}.Release|Any CPU.Build.0 = Release|Any CPU
		{4AB83ED1-E65F-4453-BC3C-21B570BC296D}.Debug|Any CPU.ActiveCfg = Debug|Any CPU
		{4AB83ED1-E65F-4453-BC3C-21B570BC296D}.Debug|Any CPU.Build.0 = Debug|Any CPU
		{4AB83ED1-E65F-4453-BC3C-21B570BC296D}.Release|Any CPU.ActiveCfg = Release|Any CPU
		{4AB83ED1-E65F-4453-BC3C-21B570BC296D}.Release|Any CPU.Build.0 = Release|Any CPU
		{8336CA4B-5BFB-400D-A0B4-ABF62D272EFB}.Debug|Any CPU.ActiveCfg = Debug|Any CPU
		{8336CA4B-5BFB-400D-A0B4-ABF62D272EFB}.Debug|Any CPU.Build.0 = Debug|Any CPU
		{8336CA4B-5BFB-400D-A0B4-ABF62D272EFB}.Release|Any CPU.ActiveCfg = Release|Any CPU
		{8336CA4B-5BFB-400D-A0B4-ABF62D272EFB}.Release|Any CPU.Build.0 = Release|Any CPU
		{4067A1EA-31A9-4DC8-95BB-5AFD95D8C365}.Debug|Any CPU.ActiveCfg = Debug|Any CPU
		{4067A1EA-31A9-4DC8-95BB-5AFD95D8C365}.Debug|Any CPU.Build.0 = Debug|Any CPU
		{4067A1EA-31A9-4DC8-95BB-5AFD95D8C365}.Release|Any CPU.ActiveCfg = Release|Any CPU
		{4067A1EA-31A9-4DC8-95BB-5AFD95D8C365}.Release|Any CPU.Build.0 = Release|Any CPU
		{C66DAD05-3CAF-4D06-93DD-F0C680C8F1D5}.Debug|Any CPU.ActiveCfg = Debug|Any CPU
		{C66DAD05-3CAF-4D06-93DD-F0C680C8F1D5}.Debug|Any CPU.Build.0 = Debug|Any CPU
		{C66DAD05-3CAF-4D06-93DD-F0C680C8F1D5}.Release|Any CPU.ActiveCfg = Release|Any CPU
		{C66DAD05-3CAF-4D06-93DD-F0C680C8F1D5}.Release|Any CPU.Build.0 = Release|Any CPU
		{742C40E2-EE48-4344-B959-5D174060BE93}.Debug|Any CPU.ActiveCfg = Debug|Any CPU
		{742C40E2-EE48-4344-B959-5D174060BE93}.Debug|Any CPU.Build.0 = Debug|Any CPU
		{742C40E2-EE48-4344-B959-5D174060BE93}.Release|Any CPU.ActiveCfg = Release|Any CPU
		{742C40E2-EE48-4344-B959-5D174060BE93}.Release|Any CPU.Build.0 = Release|Any CPU
		{35B78573-09F0-4CAD-854A-8391955B12A1}.Debug|Any CPU.ActiveCfg = Debug|Any CPU
		{35B78573-09F0-4CAD-854A-8391955B12A1}.Debug|Any CPU.Build.0 = Debug|Any CPU
		{35B78573-09F0-4CAD-854A-8391955B12A1}.Release|Any CPU.ActiveCfg = Release|Any CPU
		{35B78573-09F0-4CAD-854A-8391955B12A1}.Release|Any CPU.Build.0 = Release|Any CPU
		{1E442FDA-B364-4E07-A4C6-235BDE9460AD}.Debug|Any CPU.ActiveCfg = Debug|Any CPU
		{1E442FDA-B364-4E07-A4C6-235BDE9460AD}.Debug|Any CPU.Build.0 = Debug|Any CPU
		{1E442FDA-B364-4E07-A4C6-235BDE9460AD}.Release|Any CPU.ActiveCfg = Release|Any CPU
		{1E442FDA-B364-4E07-A4C6-235BDE9460AD}.Release|Any CPU.Build.0 = Release|Any CPU
		{5C06575D-D5E4-4698-8C49-BEF06C96F5D6}.Debug|Any CPU.ActiveCfg = Debug|Any CPU
		{5C06575D-D5E4-4698-8C49-BEF06C96F5D6}.Debug|Any CPU.Build.0 = Debug|Any CPU
		{5C06575D-D5E4-4698-8C49-BEF06C96F5D6}.Release|Any CPU.ActiveCfg = Release|Any CPU
		{5C06575D-D5E4-4698-8C49-BEF06C96F5D6}.Release|Any CPU.Build.0 = Release|Any CPU
		{E4325107-333D-4273-8EF3-C6A27264E60D}.Debug|Any CPU.ActiveCfg = Debug|Any CPU
		{E4325107-333D-4273-8EF3-C6A27264E60D}.Debug|Any CPU.Build.0 = Debug|Any CPU
		{E4325107-333D-4273-8EF3-C6A27264E60D}.Release|Any CPU.ActiveCfg = Release|Any CPU
		{E4325107-333D-4273-8EF3-C6A27264E60D}.Release|Any CPU.Build.0 = Release|Any CPU
	EndGlobalSection
	GlobalSection(SolutionProperties) = preSolution
		HideSolutionNode = FALSE
	EndGlobalSection
	GlobalSection(NestedProjects) = preSolution
		{89F9EA6A-5960-43A4-B04E-DFA368A11473} = {B0F38CC4-65FB-4E9D-8C0D-A1CD82F18DD1}
		{9BB634A8-2D29-4009-BE28-6851D760E578} = {B0F38CC4-65FB-4E9D-8C0D-A1CD82F18DD1}
		{3E379765-BF9C-4E43-AA26-03E58424D611} = {B0F38CC4-65FB-4E9D-8C0D-A1CD82F18DD1}
		{98AC0BDC-754E-4C04-84F9-92FD2B54FB93} = {B0F38CC4-65FB-4E9D-8C0D-A1CD82F18DD1}
		{714A632A-A18F-4AA1-BECC-E81D7661C3B2} = {B0F38CC4-65FB-4E9D-8C0D-A1CD82F18DD1}
		{AE74D85D-14FB-4EAA-9168-5C714F2E2316} = {9492A8E5-FA84-4AE5-AA13-C56648FB49B1}
		{B0E3BFA7-0DB7-4BD6-AABE-198316FB7417} = {9492A8E5-FA84-4AE5-AA13-C56648FB49B1}
		{48641CE7-9C25-42E1-9388-333C6C0B5047} = {9492A8E5-FA84-4AE5-AA13-C56648FB49B1}
		{CE6B073E-4DE1-4B26-AA00-607E3057E5E0} = {9492A8E5-FA84-4AE5-AA13-C56648FB49B1}
		{DB1E6525-7B4F-4AE9-AF27-47F02DE7CD91} = {9492A8E5-FA84-4AE5-AA13-C56648FB49B1}
		{4AB83ED1-E65F-4453-BC3C-21B570BC296D} = {A88BDE1C-3873-4B4D-9A41-8A77CD9D3727}
		{8336CA4B-5BFB-400D-A0B4-ABF62D272EFB} = {A88BDE1C-3873-4B4D-9A41-8A77CD9D3727}
		{4067A1EA-31A9-4DC8-95BB-5AFD95D8C365} = {A88BDE1C-3873-4B4D-9A41-8A77CD9D3727}
		{C66DAD05-3CAF-4D06-93DD-F0C680C8F1D5} = {A88BDE1C-3873-4B4D-9A41-8A77CD9D3727}
		{742C40E2-EE48-4344-B959-5D174060BE93} = {2E74DF73-5DB6-4463-91B1-527E083225BC}
		{35B78573-09F0-4CAD-854A-8391955B12A1} = {2E74DF73-5DB6-4463-91B1-527E083225BC}
		{1E442FDA-B364-4E07-A4C6-235BDE9460AD} = {2E74DF73-5DB6-4463-91B1-527E083225BC}
		{5C06575D-D5E4-4698-8C49-BEF06C96F5D6} = {2E74DF73-5DB6-4463-91B1-527E083225BC}
		{E4325107-333D-4273-8EF3-C6A27264E60D} = {A42B1842-D9F3-4285-BAD2-645F8880EA1F}
	EndGlobalSection
	GlobalSection(ExtensibilityGlobals) = postSolution
		SolutionGuid = {72C84F44-3599-4B1F-B59E-8FC85AD55FC0}
	EndGlobalSection
EndGlobal
